
Microsoft Visual Studio Solution File, Format Version 12.00
# Visual Studio Version 16
VisualStudioVersion = 16.0.29509.3
MinimumVisualStudioVersion = 10.0.40219.1
Project("{9A19103F-16F7-4668-BE54-9A1E7A4F7556}") = "Luizalabs.Challenge.Core", "Luizalabs.Challenge.Core\Luizalabs.Challenge.Core.csproj", "{5735D2E6-EA31-40A0-92DB-8E20BBC7812D}"
EndProject
Project("{9A19103F-16F7-4668-BE54-9A1E7A4F7556}") = "Luizalabs.Challenge.Api", "Luizalabs.Challenge.Api\Luizalabs.Challenge.Api.csproj", "{72C69491-74A9-4AC7-9B79-BFA58D5E1882}"
EndProject
Project("{FAE04EC0-301F-11D3-BF4B-00C04F79EFBC}") = "Luizalabs.Challenge.Data", "Luizalabs.Challenge.Data\Luizalabs.Challenge.Data.csproj", "{8EFB7376-CA17-4319-AFBA-D8E40CCCD5C3}"
EndProject
Project("{FAE04EC0-301F-11D3-BF4B-00C04F79EFBC}") = "Luizalabs.Challenge.Contracts", "Luizalabs.Challenge.Contracts\Luizalabs.Challenge.Contracts.csproj", "{9F78728E-D4D0-4199-88FA-264995972BF5}"
EndProject
Project("{FAE04EC0-301F-11D3-BF4B-00C04F79EFBC}") = "Luizalabs.Challenge.Services", "Luizalabs.Challenge.Services\Luizalabs.Challenge.Services.csproj", "{D2EEFBC6-4329-4E77-9C64-4C6BD6436D01}"
EndProject
Global
	GlobalSection(SolutionConfigurationPlatforms) = preSolution
		Debug|Any CPU = Debug|Any CPU
		Release|Any CPU = Release|Any CPU
	EndGlobalSection
	GlobalSection(ProjectConfigurationPlatforms) = postSolution
		{5735D2E6-EA31-40A0-92DB-8E20BBC7812D}.Debug|Any CPU.ActiveCfg = Debug|Any CPU
		{5735D2E6-EA31-40A0-92DB-8E20BBC7812D}.Debug|Any CPU.Build.0 = Debug|Any CPU
		{5735D2E6-EA31-40A0-92DB-8E20BBC7812D}.Release|Any CPU.ActiveCfg = Release|Any CPU
		{5735D2E6-EA31-40A0-92DB-8E20BBC7812D}.Release|Any CPU.Build.0 = Release|Any CPU
		{72C69491-74A9-4AC7-9B79-BFA58D5E1882}.Debug|Any CPU.ActiveCfg = Debug|Any CPU
		{72C69491-74A9-4AC7-9B79-BFA58D5E1882}.Debug|Any CPU.Build.0 = Debug|Any CPU
		{72C69491-74A9-4AC7-9B79-BFA58D5E1882}.Release|Any CPU.ActiveCfg = Release|Any CPU
		{72C69491-74A9-4AC7-9B79-BFA58D5E1882}.Release|Any CPU.Build.0 = Release|Any CPU
		{8EFB7376-CA17-4319-AFBA-D8E40CCCD5C3}.Debug|Any CPU.ActiveCfg = Debug|Any CPU
		{8EFB7376-CA17-4319-AFBA-D8E40CCCD5C3}.Debug|Any CPU.Build.0 = Debug|Any CPU
		{8EFB7376-CA17-4319-AFBA-D8E40CCCD5C3}.Release|Any CPU.ActiveCfg = Release|Any CPU
		{8EFB7376-CA17-4319-AFBA-D8E40CCCD5C3}.Release|Any CPU.Build.0 = Release|Any CPU
		{9F78728E-D4D0-4199-88FA-264995972BF5}.Debug|Any CPU.ActiveCfg = Debug|Any CPU
		{9F78728E-D4D0-4199-88FA-264995972BF5}.Debug|Any CPU.Build.0 = Debug|Any CPU
		{9F78728E-D4D0-4199-88FA-264995972BF5}.Release|Any CPU.ActiveCfg = Release|Any CPU
		{9F78728E-D4D0-4199-88FA-264995972BF5}.Release|Any CPU.Build.0 = Release|Any CPU
		{D2EEFBC6-4329-4E77-9C64-4C6BD6436D01}.Debug|Any CPU.ActiveCfg = Debug|Any CPU
		{D2EEFBC6-4329-4E77-9C64-4C6BD6436D01}.Debug|Any CPU.Build.0 = Debug|Any CPU
		{D2EEFBC6-4329-4E77-9C64-4C6BD6436D01}.Release|Any CPU.ActiveCfg = Release|Any CPU
		{D2EEFBC6-4329-4E77-9C64-4C6BD6436D01}.Release|Any CPU.Build.0 = Release|Any CPU
	EndGlobalSection
	GlobalSection(SolutionProperties) = preSolution
		HideSolutionNode = FALSE
	EndGlobalSection
	GlobalSection(ExtensibilityGlobals) = postSolution
		SolutionGuid = {18F0CD76-E1F2-4750-9E79-DCAB65B2A1C2}
	EndGlobalSection
EndGlobal
